
Microsoft Visual Studio Solution File, Format Version 12.00
# Visual Studio Version 16
VisualStudioVersion = 16.0.30523.141
MinimumVisualStudioVersion = 10.0.40219.1
Project("{FAE04EC0-301F-11D3-BF4B-00C04F79EFBC}") = "BrainfuckInterpreter", "BrainfuckInterpreter\BrainfuckInterpreter.csproj", "{8B955CA3-1BFA-468A-B6EB-8460CFAA1437}"
EndProject
Global
	GlobalSection(SolutionConfigurationPlatforms) = preSolution
		Debug|Any CPU = Debug|Any CPU
		Release|Any CPU = Release|Any CPU
	EndGlobalSection
	GlobalSection(ProjectConfigurationPlatforms) = postSolution
		{8B955CA3-1BFA-468A-B6EB-8460CFAA1437}.Debug|Any CPU.ActiveCfg = Debug|Any CPU
		{8B955CA3-1BFA-468A-B6EB-8460CFAA1437}.Debug|Any CPU.Build.0 = Debug|Any CPU
		{8B955CA3-1BFA-468A-B6EB-8460CFAA1437}.Release|Any CPU.ActiveCfg = Release|Any CPU
		{8B955CA3-1BFA-468A-B6EB-8460CFAA1437}.Release|Any CPU.Build.0 = Release|Any CPU
	EndGlobalSection
	GlobalSection(SolutionProperties) = preSolution
		HideSolutionNode = FALSE
	EndGlobalSection
	GlobalSection(ExtensibilityGlobals) = postSolution
		SolutionGuid = {A05B3FEF-6222-4219-85D7-D8E5D45AEBB5}
	EndGlobalSection
EndGlobal
